// !$*UTF8*$!
{
	archiveVersion = 1;
	classes = {
	};
	objectVersion = 56;
	objects = {

/* Begin PBXBuildFile section */
		492BF6932B5A77C7008E5741 /* LT_MusicApp.swift in Sources */ = {isa = PBXBuildFile; fileRef = 492BF6922B5A77C7008E5741 /* LT_MusicApp.swift */; };
		492BF6952B5A77C7008E5741 /* ContentView.swift in Sources */ = {isa = PBXBuildFile; fileRef = 492BF6942B5A77C7008E5741 /* ContentView.swift */; };
		492BF6972B5A77CA008E5741 /* Assets.xcassets in Resources */ = {isa = PBXBuildFile; fileRef = 492BF6962B5A77CA008E5741 /* Assets.xcassets */; };
		492BF69A2B5A77CA008E5741 /* Preview Assets.xcassets in Resources */ = {isa = PBXBuildFile; fileRef = 492BF6992B5A77CA008E5741 /* Preview Assets.xcassets */; };
		495E1FBA2B63A30200C60F56 /* SoundPlayer.swift in Sources */ = {isa = PBXBuildFile; fileRef = 495E1FB92B63A30200C60F56 /* SoundPlayer.swift */; };
		495E1FBC2B63AA0500C60F56 /* MusicListView.swift in Sources */ = {isa = PBXBuildFile; fileRef = 495E1FBB2B63AA0500C60F56 /* MusicListView.swift */; };
		495E1FBE2B63B05500C60F56 /* PhotoModel.swift in Sources */ = {isa = PBXBuildFile; fileRef = 495E1FBD2B63B05500C60F56 /* PhotoModel.swift */; };
		495E1FC02B63BA6300C60F56 /* MusicPlayerView.swift in Sources */ = {isa = PBXBuildFile; fileRef = 495E1FBF2B63BA6300C60F56 /* MusicPlayerView.swift */; };
/* End PBXBuildFile section */

/* Begin PBXFileReference section */
		492BF68F2B5A77C7008E5741 /* LT_Music.app */ = {isa = PBXFileReference; explicitFileType = wrapper.application; includeInIndex = 0; path = LT_Music.app; sourceTree = BUILT_PRODUCTS_DIR; };
		492BF6922B5A77C7008E5741 /* LT_MusicApp.swift */ = {isa = PBXFileReference; lastKnownFileType = sourcecode.swift; path = LT_MusicApp.swift; sourceTree = "<group>"; };
		492BF6942B5A77C7008E5741 /* ContentView.swift */ = {isa = PBXFileReference; lastKnownFileType = sourcecode.swift; path = ContentView.swift; sourceTree = "<group>"; };
		492BF6962B5A77CA008E5741 /* Assets.xcassets */ = {isa = PBXFileReference; lastKnownFileType = folder.assetcatalog; path = Assets.xcassets; sourceTree = "<group>"; };
		492BF6992B5A77CA008E5741 /* Preview Assets.xcassets */ = {isa = PBXFileReference; lastKnownFileType = folder.assetcatalog; path = "Preview Assets.xcassets"; sourceTree = "<group>"; };
		495E1FB92B63A30200C60F56 /* SoundPlayer.swift */ = {isa = PBXFileReference; lastKnownFileType = sourcecode.swift; path = SoundPlayer.swift; sourceTree = "<group>"; };
		495E1FBB2B63AA0500C60F56 /* MusicListView.swift */ = {isa = PBXFileReference; lastKnownFileType = sourcecode.swift; path = MusicListView.swift; sourceTree = "<group>"; };
		495E1FBD2B63B05500C60F56 /* PhotoModel.swift */ = {isa = PBXFileReference; lastKnownFileType = sourcecode.swift; path = PhotoModel.swift; sourceTree = "<group>"; };
		495E1FBF2B63BA6300C60F56 /* MusicPlayerView.swift */ = {isa = PBXFileReference; lastKnownFileType = sourcecode.swift; path = MusicPlayerView.swift; sourceTree = "<group>"; };
/* End PBXFileReference section */

/* Begin PBXFrameworksBuildPhase section */
		492BF68C2B5A77C7008E5741 /* Frameworks */ = {
			isa = PBXFrameworksBuildPhase;
			buildActionMask = 2147483647;
			files = (
			);
			runOnlyForDeploymentPostprocessing = 0;
		};
/* End PBXFrameworksBuildPhase section */

/* Begin PBXGroup section */
		492BF6862B5A77C7008E5741 = {
			isa = PBXGroup;
			children = (
				492BF6912B5A77C7008E5741 /* LT_Music */,
				492BF6902B5A77C7008E5741 /* Products */,
			);
			sourceTree = "<group>";
		};
		492BF6902B5A77C7008E5741 /* Products */ = {
			isa = PBXGroup;
			children = (
				492BF68F2B5A77C7008E5741 /* LT_Music.app */,
			);
			name = Products;
			sourceTree = "<group>";
		};
		492BF6912B5A77C7008E5741 /* LT_Music */ = {
			isa = PBXGroup;
			children = (
				492BF6922B5A77C7008E5741 /* LT_MusicApp.swift */,
				492BF6942B5A77C7008E5741 /* ContentView.swift */,
				495E1FBF2B63BA6300C60F56 /* MusicPlayerView.swift */,
				495E1FBD2B63B05500C60F56 /* PhotoModel.swift */,
				495E1FBB2B63AA0500C60F56 /* MusicListView.swift */,
				495E1FB92B63A30200C60F56 /* SoundPlayer.swift */,
				492BF6962B5A77CA008E5741 /* Assets.xcassets */,
				492BF6982B5A77CA008E5741 /* Preview Content */,
			);
			path = LT_Music;
			sourceTree = "<group>";
		};
		492BF6982B5A77CA008E5741 /* Preview Content */ = {
			isa = PBXGroup;
			children = (
				492BF6992B5A77CA008E5741 /* Preview Assets.xcassets */,
			);
			path = "Preview Content";
			sourceTree = "<group>";
		};
/* End PBXGroup section */

/* Begin PBXNativeTarget section */
		492BF68E2B5A77C7008E5741 /* LT_Music */ = {
			isa = PBXNativeTarget;
			buildConfigurationList = 492BF69D2B5A77CA008E5741 /* Build configuration list for PBXNativeTarget "LT_Music" */;
			buildPhases = (
				492BF68B2B5A77C7008E5741 /* Sources */,
				492BF68C2B5A77C7008E5741 /* Frameworks */,
				492BF68D2B5A77C7008E5741 /* Resources */,
			);
			buildRules = (
			);
			dependencies = (
			);
			name = LT_Music;
			productName = LT_Music;
			productReference = 492BF68F2B5A77C7008E5741 /* LT_Music.app */;
			productType = "com.apple.product-type.application";
		};
/* End PBXNativeTarget section */

/* Begin PBXProject section */
		492BF6872B5A77C7008E5741 /* Project object */ = {
			isa = PBXProject;
			attributes = {
				BuildIndependentTargetsInParallel = 1;
				LastSwiftUpdateCheck = 1520;
				LastUpgradeCheck = 1520;
				TargetAttributes = {
					492BF68E2B5A77C7008E5741 = {
						CreatedOnToolsVersion = 15.2;
					};
				};
			};
			buildConfigurationList = 492BF68A2B5A77C7008E5741 /* Build configuration list for PBXProject "LT_Music" */;
			compatibilityVersion = "Xcode 14.0";
			developmentRegion = en;
			hasScannedForEncodings = 0;
			knownRegions = (
				en,
				Base,
			);
			mainGroup = 492BF6862B5A77C7008E5741;
			productRefGroup = 492BF6902B5A77C7008E5741 /* Products */;
			projectDirPath = "";
			projectRoot = "";
			targets = (
				492BF68E2B5A77C7008E5741 /* LT_Music */,
			);
		};
/* End PBXProject section */

/* Begin PBXResourcesBuildPhase section */
		492BF68D2B5A77C7008E5741 /* Resources */ = {
			isa = PBXResourcesBuildPhase;
			buildActionMask = 2147483647;
			files = (
				492BF69A2B5A77CA008E5741 /* Preview Assets.xcassets in Resources */,
				492BF6972B5A77CA008E5741 /* Assets.xcassets in Resources */,
			);
			runOnlyForDeploymentPostprocessing = 0;
		};
/* End PBXResourcesBuildPhase section */

/* Begin PBXSourcesBuildPhase section */
		492BF68B2B5A77C7008E5741 /* Sources */ = {
			isa = PBXSourcesBuildPhase;
			buildActionMask = 2147483647;
			files = (
				492BF6952B5A77C7008E5741 /* ContentView.swift in Sources */,
				495E1FBA2B63A30200C60F56 /* SoundPlayer.swift in Sources */,
				495E1FBC2B63AA0500C60F56 /* MusicListView.swift in Sources */,
				495E1FC02B63BA6300C60F56 /* MusicPlayerView.swift in Sources */,
				495E1FBE2B63B05500C60F56 /* PhotoModel.swift in Sources */,
				492BF6932B5A77C7008E5741 /* LT_MusicApp.swift in Sources */,
			);
			runOnlyForDeploymentPostprocessing = 0;
		};
/* End PBXSourcesBuildPhase section */

/* Begin XCBuildConfiguration section */
		492BF69B2B5A77CA008E5741 /* Debug */ = {
			isa = XCBuildConfiguration;
			buildSettings = {
				ALWAYS_SEARCH_USER_PATHS = NO;
				ASSETCATALOG_COMPILER_GENERATE_SWIFT_ASSET_SYMBOL_EXTENSIONS = YES;
				CLANG_ANALYZER_NONNULL = YES;
				CLANG_ANALYZER_NUMBER_OBJECT_CONVERSION = YES_AGGRESSIVE;
				CLANG_CXX_LANGUAGE_STANDARD = "gnu++20";
				CLANG_ENABLE_MODULES = YES;
				CLANG_ENABLE_OBJC_ARC = YES;
				CLANG_ENABLE_OBJC_WEAK = YES;
				CLANG_WARN_BLOCK_CAPTURE_AUTORELEASING = YES;
				CLANG_WARN_BOOL_CONVERSION = YES;
				CLANG_WARN_COMMA = YES;
				CLANG_WARN_CONSTANT_CONVERSION = YES;
				CLANG_WARN_DEPRECATED_OBJC_IMPLEMENTATIONS = YES;
				CLANG_WARN_DIRECT_OBJC_ISA_USAGE = YES_ERROR;
				CLANG_WARN_DOCUMENTATION_COMMENTS = YES;
				CLANG_WARN_EMPTY_BODY = YES;
				CLANG_WARN_ENUM_CONVERSION = YES;
				CLANG_WARN_INFINITE_RECURSION = YES;
				CLANG_WARN_INT_CONVERSION = YES;
				CLANG_WARN_NON_LITERAL_NULL_CONVERSION = YES;
				CLANG_WARN_OBJC_IMPLICIT_RETAIN_SELF = YES;
				CLANG_WARN_OBJC_LITERAL_CONVERSION = YES;
				CLANG_WARN_OBJC_ROOT_CLASS = YES_ERROR;
				CLANG_WARN_QUOTED_INCLUDE_IN_FRAMEWORK_HEADER = YES;
				CLANG_WARN_RANGE_LOOP_ANALYSIS = YES;
				CLANG_WARN_STRICT_PROTOTYPES = YES;
				CLANG_WARN_SUSPICIOUS_MOVE = YES;
				CLANG_WARN_UNGUARDED_AVAILABILITY = YES_AGGRESSIVE;
				CLANG_WARN_UNREACHABLE_CODE = YES;
				CLANG_WARN__DUPLICATE_METHOD_MATCH = YES;
				COPY_PHASE_STRIP = NO;
				DEBUG_INFORMATION_FORMAT = dwarf;
				ENABLE_STRICT_OBJC_MSGSEND = YES;
				ENABLE_TESTABILITY = YES;
				ENABLE_USER_SCRIPT_SANDBOXING = YES;
				GCC_C_LANGUAGE_STANDARD = gnu17;
				GCC_DYNAMIC_NO_PIC = NO;
				GCC_NO_COMMON_BLOCKS = YES;
				GCC_OPTIMIZATION_LEVEL = 0;
				GCC_PREPROCESSOR_DEFINITIONS = (
					"DEBUG=1",
					"$(inherited)",
				);
				GCC_WARN_64_TO_32_BIT_CONVERSION = YES;
				GCC_WARN_ABOUT_RETURN_TYPE = YES_ERROR;
				GCC_WARN_UNDECLARED_SELECTOR = YES;
				GCC_WARN_UNINITIALIZED_AUTOS = YES_AGGRESSIVE;
				GCC_WARN_UNUSED_FUNCTION = YES;
				GCC_WARN_UNUSED_VARIABLE = YES;
				IPHONEOS_DEPLOYMENT_TARGET = 17.2;
				LOCALIZATION_PREFERS_STRING_CATALOGS = YES;
				MTL_ENABLE_DEBUG_INFO = INCLUDE_SOURCE;
				MTL_FAST_MATH = YES;
				ONLY_ACTIVE_ARCH = YES;
				SDKROOT = iphoneos;
				SWIFT_ACTIVE_COMPILATION_CONDITIONS = "DEBUG $(inherited)";
				SWIFT_OPTIMIZATION_LEVEL = "-Onone";
			};
			name = Debug;
		};
		492BF69C2B5A77CA008E5741 /* Release */ = {
			isa = XCBuildConfiguration;
			buildSettings = {
				ALWAYS_SEARCH_USER_PATHS = NO;
				ASSETCATALOG_COMPILER_GENERATE_SWIFT_ASSET_SYMBOL_EXTENSIONS = YES;
				CLANG_ANALYZER_NONNULL = YES;
				CLANG_ANALYZER_NUMBER_OBJECT_CONVERSION = YES_AGGRESSIVE;
				CLANG_CXX_LANGUAGE_STANDARD = "gnu++20";
				CLANG_ENABLE_MODULES = YES;
				CLANG_ENABLE_OBJC_ARC = YES;
				CLANG_ENABLE_OBJC_WEAK = YES;
				CLANG_WARN_BLOCK_CAPTURE_AUTORELEASING = YES;
				CLANG_WARN_BOOL_CONVERSION = YES;
				CLANG_WARN_COMMA = YES;
				CLANG_WARN_CONSTANT_CONVERSION = YES;
				CLANG_WARN_DEPRECATED_OBJC_IMPLEMENTATIONS = YES;
				CLANG_WARN_DIRECT_OBJC_ISA_USAGE = YES_ERROR;
				CLANG_WARN_DOCUMENTATION_COMMENTS = YES;
				CLANG_WARN_EMPTY_BODY = YES;
				CLANG_WARN_ENUM_CONVERSION = YES;
				CLANG_WARN_INFINITE_RECURSION = YES;
				CLANG_WARN_INT_CONVERSION = YES;
				CLANG_WARN_NON_LITERAL_NULL_CONVERSION = YES;
				CLANG_WARN_OBJC_IMPLICIT_RETAIN_SELF = YES;
				CLANG_WARN_OBJC_LITERAL_CONVERSION = YES;
				CLANG_WARN_OBJC_ROOT_CLASS = YES_ERROR;
				CLANG_WARN_QUOTED_INCLUDE_IN_FRAMEWORK_HEADER = YES;
				CLANG_WARN_RANGE_LOOP_ANALYSIS = YES;
				CLANG_WARN_STRICT_PROTOTYPES = YES;
				CLANG_WARN_SUSPICIOUS_MOVE = YES;
				CLANG_WARN_UNGUARDED_AVAILABILITY = YES_AGGRESSIVE;
				CLANG_WARN_UNREACHABLE_CODE = YES;
				CLANG_WARN__DUPLICATE_METHOD_MATCH = YES;
				COPY_PHASE_STRIP = NO;
				DEBUG_INFORMATION_FORMAT = "dwarf-with-dsym";
				ENABLE_NS_ASSERTIONS = NO;
				ENABLE_STRICT_OBJC_MSGSEND = YES;
				ENABLE_USER_SCRIPT_SANDBOXING = YES;
				GCC_C_LANGUAGE_STANDARD = gnu17;
				GCC_NO_COMMON_BLOCKS = YES;
				GCC_WARN_64_TO_32_BIT_CONVERSION = YES;
				GCC_WARN_ABOUT_RETURN_TYPE = YES_ERROR;
				GCC_WARN_UNDECLARED_SELECTOR = YES;
				GCC_WARN_UNINITIALIZED_AUTOS = YES_AGGRESSIVE;
				GCC_WARN_UNUSED_FUNCTION = YES;
				GCC_WARN_UNUSED_VARIABLE = YES;
				IPHONEOS_DEPLOYMENT_TARGET = 17.2;
				LOCALIZATION_PREFERS_STRING_CATALOGS = YES;
				MTL_ENABLE_DEBUG_INFO = NO;
				MTL_FAST_MATH = YES;
				SDKROOT = iphoneos;
				SWIFT_COMPILATION_MODE = wholemodule;
				VALIDATE_PRODUCT = YES;
			};
			name = Release;
		};
		492BF69E2B5A77CA008E5741 /* Debug */ = {
			isa = XCBuildConfiguration;
			buildSettings = {
				ASSETCATALOG_COMPILER_APPICON_NAME = AppIcon;
				ASSETCATALOG_COMPILER_GLOBAL_ACCENT_COLOR_NAME = AccentColor;
				CODE_SIGN_STYLE = Automatic;
				CURRENT_PROJECT_VERSION = 1;
				DEVELOPMENT_ASSET_PATHS = "\"LT_Music/Preview Content\"";
				DEVELOPMENT_TEAM = XQU8L33T6W;
				ENABLE_PREVIEWS = YES;
				GENERATE_INFOPLIST_FILE = YES;
				INFOPLIST_KEY_UIApplicationSceneManifest_Generation = YES;
				INFOPLIST_KEY_UIApplicationSupportsIndirectInputEvents = YES;
				INFOPLIST_KEY_UILaunchScreen_Generation = YES;
				INFOPLIST_KEY_UISupportedInterfaceOrientations_iPad = "UIInterfaceOrientationPortrait UIInterfaceOrientationPortraitUpsideDown UIInterfaceOrientationLandscapeLeft UIInterfaceOrientationLandscapeRight";
				INFOPLIST_KEY_UISupportedInterfaceOrientations_iPhone = "UIInterfaceOrientationPortrait UIInterfaceOrientationLandscapeLeft UIInterfaceOrientationLandscapeRight";
				LD_RUNPATH_SEARCH_PATHS = (
					"$(inherited)",
					"@executable_path/Frameworks",
				);
				MARKETING_VERSION = 1.0;
				PRODUCT_BUNDLE_IDENTIFIER = "com.LT-Music";
				PRODUCT_NAME = "$(TARGET_NAME)";
				SWIFT_EMIT_LOC_STRINGS = YES;
				SWIFT_VERSION = 5.0;
				TARGETED_DEVICE_FAMILY = "1,2";
			};
			name = Debug;
		};
		492BF69F2B5A77CA008E5741 /* Release */ = {
			isa = XCBuildConfiguration;
			buildSettings = {
				ASSETCATALOG_COMPILER_APPICON_NAME = AppIcon;
				ASSETCATALOG_COMPILER_GLOBAL_ACCENT_COLOR_NAME = AccentColor;
				CODE_SIGN_STYLE = Automatic;
				CURRENT_PROJECT_VERSION = 1;
				DEVELOPMENT_ASSET_PATHS = "\"LT_Music/Preview Content\"";
				DEVELOPMENT_TEAM = XQU8L33T6W;
				ENABLE_PREVIEWS = YES;
				GENERATE_INFOPLIST_FILE = YES;
				INFOPLIST_KEY_UIApplicationSceneManifest_Generation = YES;
				INFOPLIST_KEY_UIApplicationSupportsIndirectInputEvents = YES;
				INFOPLIST_KEY_UILaunchScreen_Generation = YES;
				INFOPLIST_KEY_UISupportedInterfaceOrientations_iPad = "UIInterfaceOrientationPortrait UIInterfaceOrientationPortraitUpsideDown UIInterfaceOrientationLandscapeLeft UIInterfaceOrientationLandscapeRight";
				INFOPLIST_KEY_UISupportedInterfaceOrientations_iPhone = "UIInterfaceOrientationPortrait UIInterfaceOrientationLandscapeLeft UIInterfaceOrientationLandscapeRight";
				LD_RUNPATH_SEARCH_PATHS = (
					"$(inherited)",
					"@executable_path/Frameworks",
				);
				MARKETING_VERSION = 1.0;
				PRODUCT_BUNDLE_IDENTIFIER = "com.LT-Music";
				PRODUCT_NAME = "$(TARGET_NAME)";
				SWIFT_EMIT_LOC_STRINGS = YES;
				SWIFT_VERSION = 5.0;
				TARGETED_DEVICE_FAMILY = "1,2";
			};
			name = Release;
		};
/* End XCBuildConfiguration section */

/* Begin XCConfigurationList section */
		492BF68A2B5A77C7008E5741 /* Build configuration list for PBXProject "LT_Music" */ = {
			isa = XCConfigurationList;
			buildConfigurations = (
				492BF69B2B5A77CA008E5741 /* Debug */,
				492BF69C2B5A77CA008E5741 /* Release */,
			);
			defaultConfigurationIsVisible = 0;
			defaultConfigurationName = Release;
		};
		492BF69D2B5A77CA008E5741 /* Build configuration list for PBXNativeTarget "LT_Music" */ = {
			isa = XCConfigurationList;
			buildConfigurations = (
				492BF69E2B5A77CA008E5741 /* Debug */,
				492BF69F2B5A77CA008E5741 /* Release */,
			);
			defaultConfigurationIsVisible = 0;
			defaultConfigurationName = Release;
		};
/* End XCConfigurationList section */
	};
	rootObject = 492BF6872B5A77C7008E5741 /* Project object */;
}
